
Microsoft Visual Studio Solution File, Format Version 12.00
# Visual Studio Version 17
VisualStudioVersion = 17.4.33403.182
MinimumVisualStudioVersion = 10.0.40219.1
Project("{FAE04EC0-301F-11D3-BF4B-00C04F79EFBC}") = "ShopZooKalininWpf", "ShopZooKalininWpf.csproj", "{F835E6C6-5A74-44D1-B1F7-E7BF3D39CC39}"
EndProject
Global
	GlobalSection(SolutionConfigurationPlatforms) = preSolution
		Debug|Any CPU = Debug|Any CPU
		Release|Any CPU = Release|Any CPU
	EndGlobalSection
	GlobalSection(ProjectConfigurationPlatforms) = postSolution
		{F835E6C6-5A74-44D1-B1F7-E7BF3D39CC39}.Debug|Any CPU.ActiveCfg = Debug|Any CPU
		{F835E6C6-5A74-44D1-B1F7-E7BF3D39CC39}.Debug|Any CPU.Build.0 = Debug|Any CPU
		{F835E6C6-5A74-44D1-B1F7-E7BF3D39CC39}.Release|Any CPU.ActiveCfg = Release|Any CPU
		{F835E6C6-5A74-44D1-B1F7-E7BF3D39CC39}.Release|Any CPU.Build.0 = Release|Any CPU
	EndGlobalSection
	GlobalSection(SolutionProperties) = preSolution
		HideSolutionNode = FALSE
	EndGlobalSection
	GlobalSection(ExtensibilityGlobals) = postSolution
		SolutionGuid = {3CE8E9AE-BC6C-458A-A04B-E112F7CA6239}
	EndGlobalSection
EndGlobal
